
Microsoft Visual Studio Solution File, Format Version 12.00
# Visual Studio Version 17
VisualStudioVersion = 17.1.32407.343
MinimumVisualStudioVersion = 10.0.40219.1
Project("{FAE04EC0-301F-11D3-BF4B-00C04F79EFBC}") = "WebService", "WebService\WebService.csproj", "{9B251DE5-8288-48C0-9616-61405C106D82}"
EndProject
Global
	GlobalSection(SolutionConfigurationPlatforms) = preSolution
		Debug|Any CPU = Debug|Any CPU
		Release|Any CPU = Release|Any CPU
	EndGlobalSection
	GlobalSection(ProjectConfigurationPlatforms) = postSolution
		{9B251DE5-8288-48C0-9616-61405C106D82}.Debug|Any CPU.ActiveCfg = Debug|Any CPU
		{9B251DE5-8288-48C0-9616-61405C106D82}.Debug|Any CPU.Build.0 = Debug|Any CPU
		{9B251DE5-8288-48C0-9616-61405C106D82}.Release|Any CPU.ActiveCfg = Release|Any CPU
		{9B251DE5-8288-48C0-9616-61405C106D82}.Release|Any CPU.Build.0 = Release|Any CPU
	EndGlobalSection
	GlobalSection(SolutionProperties) = preSolution
		HideSolutionNode = FALSE
	EndGlobalSection
	GlobalSection(ExtensibilityGlobals) = postSolution
		SolutionGuid = {D4A71088-3DE6-4800-AD13-130AA325976D}
	EndGlobalSection
EndGlobal
