
Microsoft Visual Studio Solution File, Format Version 12.00
# Visual Studio Version 17
VisualStudioVersion = 17.1.32407.343
MinimumVisualStudioVersion = 10.0.40219.1
Project("{FAE04EC0-301F-11D3-BF4B-00C04F79EFBC}") = "PresentationLayer", "PresentationLayer\PresentationLayer.csproj", "{BF378BF4-A0B6-419F-A6D8-B554FFDAAF1A}"
EndProject
Project("{FAE04EC0-301F-11D3-BF4B-00C04F79EFBC}") = "BusinessLayer", "BusinessLayer\BusinessLayer.csproj", "{F6A206C4-F27D-4D2E-99B1-97E2A51E9AC6}"
EndProject
Project("{FAE04EC0-301F-11D3-BF4B-00C04F79EFBC}") = "DataLayer", "DataLayer\DataLayer.csproj", "{CB8CB06F-D138-42D4-8F85-636DD4B27BB9}"
EndProject
Global
	GlobalSection(SolutionConfigurationPlatforms) = preSolution
		Debug|Any CPU = Debug|Any CPU
		Release|Any CPU = Release|Any CPU
	EndGlobalSection
	GlobalSection(ProjectConfigurationPlatforms) = postSolution
		{BF378BF4-A0B6-419F-A6D8-B554FFDAAF1A}.Debug|Any CPU.ActiveCfg = Debug|Any CPU
		{BF378BF4-A0B6-419F-A6D8-B554FFDAAF1A}.Debug|Any CPU.Build.0 = Debug|Any CPU
		{BF378BF4-A0B6-419F-A6D8-B554FFDAAF1A}.Release|Any CPU.ActiveCfg = Release|Any CPU
		{BF378BF4-A0B6-419F-A6D8-B554FFDAAF1A}.Release|Any CPU.Build.0 = Release|Any CPU
		{F6A206C4-F27D-4D2E-99B1-97E2A51E9AC6}.Debug|Any CPU.ActiveCfg = Debug|Any CPU
		{F6A206C4-F27D-4D2E-99B1-97E2A51E9AC6}.Debug|Any CPU.Build.0 = Debug|Any CPU
		{F6A206C4-F27D-4D2E-99B1-97E2A51E9AC6}.Release|Any CPU.ActiveCfg = Release|Any CPU
		{F6A206C4-F27D-4D2E-99B1-97E2A51E9AC6}.Release|Any CPU.Build.0 = Release|Any CPU
		{CB8CB06F-D138-42D4-8F85-636DD4B27BB9}.Debug|Any CPU.ActiveCfg = Debug|Any CPU
		{CB8CB06F-D138-42D4-8F85-636DD4B27BB9}.Debug|Any CPU.Build.0 = Debug|Any CPU
		{CB8CB06F-D138-42D4-8F85-636DD4B27BB9}.Release|Any CPU.ActiveCfg = Release|Any CPU
		{CB8CB06F-D138-42D4-8F85-636DD4B27BB9}.Release|Any CPU.Build.0 = Release|Any CPU
	EndGlobalSection
	GlobalSection(SolutionProperties) = preSolution
		HideSolutionNode = FALSE
	EndGlobalSection
	GlobalSection(ExtensibilityGlobals) = postSolution
		SolutionGuid = {E8334D29-F58E-40FB-86E1-CBBD7EFEFAD4}
	EndGlobalSection
EndGlobal
